
Microsoft Visual Studio Solution File, Format Version 11.00
# Visual Studio 2010
Project("{FAE04EC0-301F-11D3-BF4B-00C04F79EFBC}") = "kronometre", "kronometre\kronometre.csproj", "{2BA3F2A9-FF45-4367-A1B8-BE011E2801CF}"
EndProject
Global
	GlobalSection(SolutionConfigurationPlatforms) = preSolution
		Debug|x86 = Debug|x86
		Release|x86 = Release|x86
	EndGlobalSection
	GlobalSection(ProjectConfigurationPlatforms) = postSolution
		{2BA3F2A9-FF45-4367-A1B8-BE011E2801CF}.Debug|x86.ActiveCfg = Debug|x86
		{2BA3F2A9-FF45-4367-A1B8-BE011E2801CF}.Debug|x86.Build.0 = Debug|x86
		{2BA3F2A9-FF45-4367-A1B8-BE011E2801CF}.Release|x86.ActiveCfg = Release|x86
		{2BA3F2A9-FF45-4367-A1B8-BE011E2801CF}.Release|x86.Build.0 = Release|x86
	EndGlobalSection
	GlobalSection(SolutionProperties) = preSolution
		HideSolutionNode = FALSE
	EndGlobalSection
EndGlobal
